
Microsoft Visual Studio Solution File, Format Version 12.00
# Visual Studio Version 17
VisualStudioVersion = 17.10.35013.160
MinimumVisualStudioVersion = 10.0.40219.1
Project("{FAE04EC0-301F-11D3-BF4B-00C04F79EFBC}") = "Inventory.Domain", "Inventory.Domain\Inventory.Domain.csproj", "{9587950A-A19D-4A03-9B2A-D2BF340E196F}"
EndProject
Project("{FAE04EC0-301F-11D3-BF4B-00C04F79EFBC}") = "Inventory.Application", "Inventory.Application\Inventory.Application.csproj", "{4F33DEBE-FA31-467B-A7D5-65B881D735A4}"
EndProject
Project("{FAE04EC0-301F-11D3-BF4B-00C04F79EFBC}") = "Inventory.Infrastructure", "Inventory.Infrastructure\Inventory.Infrastructure.csproj", "{38F50FA6-ABEA-4F3D-B320-96EE04F2B101}"
EndProject
Project("{FAE04EC0-301F-11D3-BF4B-00C04F79EFBC}") = "Inventory.API", "Inventory.API\Inventory.API.csproj", "{799A9287-334F-48C0-ABE1-5B48BDCB2B75}"
EndProject
Global
	GlobalSection(SolutionConfigurationPlatforms) = preSolution
		Debug|Any CPU = Debug|Any CPU
		Release|Any CPU = Release|Any CPU
	EndGlobalSection
	GlobalSection(ProjectConfigurationPlatforms) = postSolution
		{9587950A-A19D-4A03-9B2A-D2BF340E196F}.Debug|Any CPU.ActiveCfg = Debug|Any CPU
		{9587950A-A19D-4A03-9B2A-D2BF340E196F}.Debug|Any CPU.Build.0 = Debug|Any CPU
		{9587950A-A19D-4A03-9B2A-D2BF340E196F}.Release|Any CPU.ActiveCfg = Release|Any CPU
		{9587950A-A19D-4A03-9B2A-D2BF340E196F}.Release|Any CPU.Build.0 = Release|Any CPU
		{4F33DEBE-FA31-467B-A7D5-65B881D735A4}.Debug|Any CPU.ActiveCfg = Debug|Any CPU
		{4F33DEBE-FA31-467B-A7D5-65B881D735A4}.Debug|Any CPU.Build.0 = Debug|Any CPU
		{4F33DEBE-FA31-467B-A7D5-65B881D735A4}.Release|Any CPU.ActiveCfg = Release|Any CPU
		{4F33DEBE-FA31-467B-A7D5-65B881D735A4}.Release|Any CPU.Build.0 = Release|Any CPU
		{38F50FA6-ABEA-4F3D-B320-96EE04F2B101}.Debug|Any CPU.ActiveCfg = Debug|Any CPU
		{38F50FA6-ABEA-4F3D-B320-96EE04F2B101}.Debug|Any CPU.Build.0 = Debug|Any CPU
		{38F50FA6-ABEA-4F3D-B320-96EE04F2B101}.Release|Any CPU.ActiveCfg = Release|Any CPU
		{38F50FA6-ABEA-4F3D-B320-96EE04F2B101}.Release|Any CPU.Build.0 = Release|Any CPU
		{799A9287-334F-48C0-ABE1-5B48BDCB2B75}.Debug|Any CPU.ActiveCfg = Debug|Any CPU
		{799A9287-334F-48C0-ABE1-5B48BDCB2B75}.Debug|Any CPU.Build.0 = Debug|Any CPU
		{799A9287-334F-48C0-ABE1-5B48BDCB2B75}.Release|Any CPU.ActiveCfg = Release|Any CPU
		{799A9287-334F-48C0-ABE1-5B48BDCB2B75}.Release|Any CPU.Build.0 = Release|Any CPU
	EndGlobalSection
	GlobalSection(SolutionProperties) = preSolution
		HideSolutionNode = FALSE
	EndGlobalSection
	GlobalSection(ExtensibilityGlobals) = postSolution
		SolutionGuid = {F370F080-4615-4495-ADE3-9A7558F5555D}
	EndGlobalSection
EndGlobal
